
Microsoft Visual Studio Solution File, Format Version 12.00
# Visual Studio Version 17
VisualStudioVersion = 17.1.32328.378
MinimumVisualStudioVersion = 10.0.40219.1
Project("{FAE04EC0-301F-11D3-BF4B-00C04F79EFBC}") = "ConsoleApp2", "ConsoleApp2\ConsoleApp2.csproj", "{CCF9FB03-B06A-420F-8FA5-510284B17CCA}"
EndProject
Global
	GlobalSection(SolutionConfigurationPlatforms) = preSolution
		Debug|Any CPU = Debug|Any CPU
		Release|Any CPU = Release|Any CPU
	EndGlobalSection
	GlobalSection(ProjectConfigurationPlatforms) = postSolution
		{CCF9FB03-B06A-420F-8FA5-510284B17CCA}.Debug|Any CPU.ActiveCfg = Debug|Any CPU
		{CCF9FB03-B06A-420F-8FA5-510284B17CCA}.Debug|Any CPU.Build.0 = Debug|Any CPU
		{CCF9FB03-B06A-420F-8FA5-510284B17CCA}.Release|Any CPU.ActiveCfg = Release|Any CPU
		{CCF9FB03-B06A-420F-8FA5-510284B17CCA}.Release|Any CPU.Build.0 = Release|Any CPU
	EndGlobalSection
	GlobalSection(SolutionProperties) = preSolution
		HideSolutionNode = FALSE
	EndGlobalSection
	GlobalSection(ExtensibilityGlobals) = postSolution
		SolutionGuid = {2ADB9EB4-10DE-4801-BB39-559F9B7F9545}
	EndGlobalSection
EndGlobal
